
Microsoft Visual Studio Solution File, Format Version 12.00
# Visual Studio Version 16
VisualStudioVersion = 16.0.30611.23
MinimumVisualStudioVersion = 10.0.40219.1
Project("{FAE04EC0-301F-11D3-BF4B-00C04F79EFBC}") = "Tester", "Tester\Tester.csproj", "{09CA40F8-5906-48DF-AE68-28188A8C69F0}"
EndProject
Global
	GlobalSection(SolutionConfigurationPlatforms) = preSolution
		Debug|Any CPU = Debug|Any CPU
		Release|Any CPU = Release|Any CPU
	EndGlobalSection
	GlobalSection(ProjectConfigurationPlatforms) = postSolution
		{09CA40F8-5906-48DF-AE68-28188A8C69F0}.Debug|Any CPU.ActiveCfg = Debug|Any CPU
		{09CA40F8-5906-48DF-AE68-28188A8C69F0}.Debug|Any CPU.Build.0 = Debug|Any CPU
		{09CA40F8-5906-48DF-AE68-28188A8C69F0}.Release|Any CPU.ActiveCfg = Release|Any CPU
		{09CA40F8-5906-48DF-AE68-28188A8C69F0}.Release|Any CPU.Build.0 = Release|Any CPU
	EndGlobalSection
	GlobalSection(SolutionProperties) = preSolution
		HideSolutionNode = FALSE
	EndGlobalSection
	GlobalSection(ExtensibilityGlobals) = postSolution
		SolutionGuid = {75FE5A78-2784-4D92-B380-1FFA44C95E7E}
	EndGlobalSection
EndGlobal
